#MicroXplorer Configuration settings - do not modify
CAD.formats=
CAD.pinconfig=
CAD.provider=
Dma.Request0=SPI1_RX
Dma.RequestsNb=1
Dma.SPI1_RX.0.Direction=DMA_PERIPH_TO_MEMORY
Dma.SPI1_RX.0.FIFOMode=DMA_FIFOMODE_DISABLE
Dma.SPI1_RX.0.Instance=DMA2_Stream0
Dma.SPI1_RX.0.MemDataAlignment=DMA_MDATAALIGN_BYTE
Dma.SPI1_RX.0.MemInc=DMA_MINC_ENABLE
Dma.SPI1_RX.0.Mode=DMA_NORMAL
Dma.SPI1_RX.0.PeriphDataAlignment=DMA_PDATAALIGN_BYTE
Dma.SPI1_RX.0.PeriphInc=DMA_PINC_DISABLE
Dma.SPI1_RX.0.Priority=DMA_PRIORITY_LOW
Dma.SPI1_RX.0.RequestParameters=Instance,Direction,PeriphInc,MemInc,PeriphDataAlignment,MemDataAlignment,Mode,Priority,FIFOMode
FREERTOS.FootprintOK=true
FREERTOS.IPParameters=Tasks01,FootprintOK
FREERTOS.Tasks01=receiveSpiTask,2,128,StartReceiveSpiTask,Default,NULL,Dynamic,NULL,NULL;situation,1,128,StartSituation,Default,NULL,Dynamic,NULL,NULL;controlSpeeding,0,128,StartControlSpeeding,Default,NULL,Dynamic,NULL,NULL;controlSteering,-1,128,StartControlSteering,Default,NULL,Dynamic,NULL,NULL;controlCameraTa,-2,128,StartControlCameraTask,Default,NULL,Dynamic,NULL,NULL
File.Version=6
GPIO.groupedBy=Group By Peripherals
KeepUserPlacement=false
Mcu.CPN=STM32F401RET6
Mcu.Family=STM32F4
Mcu.IP0=DMA
Mcu.IP1=FREERTOS
Mcu.IP10=TIM4
Mcu.IP2=I2C1
Mcu.IP3=NVIC
Mcu.IP4=RCC
Mcu.IP5=SPI1
Mcu.IP6=SPI2
Mcu.IP7=SYS
Mcu.IP8=TIM1
Mcu.IP9=TIM3
Mcu.IPNb=11
Mcu.Name=STM32F401R(D-E)Tx
Mcu.Package=LQFP64
Mcu.Pin0=PH0 - OSC_IN
Mcu.Pin1=PH1 - OSC_OUT
Mcu.Pin10=PA6
Mcu.Pin11=PA7
Mcu.Pin12=PC5
Mcu.Pin13=PB0
Mcu.Pin14=PB2
Mcu.Pin15=PB10
Mcu.Pin16=PB12
Mcu.Pin17=PC6
Mcu.Pin18=PC8
Mcu.Pin19=PC9
Mcu.Pin2=PC0
Mcu.Pin20=PA8
Mcu.Pin21=PA9
Mcu.Pin22=PA11
Mcu.Pin23=PA12
Mcu.Pin24=PA13
Mcu.Pin25=PA14
Mcu.Pin26=PB4
Mcu.Pin27=PB6
Mcu.Pin28=PB8
Mcu.Pin29=PB9
Mcu.Pin3=PC1
Mcu.Pin30=VP_FREERTOS_VS_CMSIS_V1
Mcu.Pin31=VP_SYS_VS_tim2
Mcu.Pin32=VP_TIM3_VS_ClockSourceINT
Mcu.Pin33=VP_TIM4_VS_ClockSourceINT
Mcu.Pin4=PC2
Mcu.Pin5=PC3
Mcu.Pin6=PA1
Mcu.Pin7=PA2
Mcu.Pin8=PA3
Mcu.Pin9=PA5
Mcu.PinsNb=34
Mcu.ThirdPartyNb=0
Mcu.UserConstants=
Mcu.UserName=STM32F401RETx
MxCube.Version=6.10.0
MxDb.Version=DB.6.0.100
NVIC.BusFault_IRQn=true\:0\:0\:false\:false\:true\:false\:false\:false\:false
NVIC.DMA2_Stream0_IRQn=true\:5\:0\:false\:false\:true\:true\:false\:true\:true
NVIC.DebugMonitor_IRQn=true\:0\:0\:false\:false\:true\:false\:false\:false\:false
NVIC.ForceEnableDMAVector=true
NVIC.HardFault_IRQn=true\:0\:0\:false\:false\:true\:false\:false\:false\:false
NVIC.MemoryManagement_IRQn=true\:0\:0\:false\:false\:true\:false\:false\:false\:false
NVIC.NonMaskableInt_IRQn=true\:0\:0\:false\:false\:true\:false\:false\:false\:false
NVIC.PendSV_IRQn=true\:15\:0\:false\:false\:false\:true\:false\:false\:false
NVIC.PriorityGroup=NVIC_PRIORITYGROUP_4
NVIC.SVCall_IRQn=true\:0\:0\:false\:false\:false\:false\:false\:false\:false
NVIC.SavedPendsvIrqHandlerGenerated=true
NVIC.SavedSvcallIrqHandlerGenerated=true
NVIC.SavedSystickIrqHandlerGenerated=true
NVIC.SysTick_IRQn=true\:15\:0\:false\:false\:false\:true\:false\:true\:false
NVIC.TIM2_IRQn=true\:15\:0\:false\:false\:true\:false\:false\:true\:true
NVIC.TimeBase=TIM2_IRQn
NVIC.TimeBaseIP=TIM2
NVIC.UsageFault_IRQn=true\:0\:0\:false\:false\:true\:false\:false\:false\:false
PA1.GPIOParameters=GPIO_Label
PA1.GPIO_Label=BUZZER
PA1.Locked=true
PA1.Signal=GPIO_Output
PA11.GPIOParameters=GPIO_Label
PA11.GPIO_Label=TRIG_2
PA11.Locked=true
PA11.Signal=GPIO_Output
PA12.GPIOParameters=GPIO_Label
PA12.GPIO_Label=ECHO_2
PA12.Locked=true
PA12.Signal=GPIO_Input
PA13.Mode=Serial_Wire
PA13.Signal=SYS_JTMS-SWDIO
PA14.Mode=Serial_Wire
PA14.Signal=SYS_JTCK-SWCLK
PA2.GPIOParameters=GPIO_Label
PA2.GPIO_Label=LED_LEFT
PA2.Locked=true
PA2.Signal=GPIO_Output
PA3.GPIOParameters=GPIO_Label
PA3.GPIO_Label=LED_RIGHT
PA3.Locked=true
PA3.Signal=GPIO_Output
PA5.GPIOParameters=GPIO_Label
PA5.GPIO_Label=SPI_RAS_SCK
PA5.Mode=Full_Duplex_Slave
PA5.Signal=SPI1_SCK
PA6.GPIOParameters=GPIO_Label
PA6.GPIO_Label=SPI_RAS_MISO
PA6.Mode=Full_Duplex_Slave
PA6.Signal=SPI1_MISO
PA7.GPIOParameters=GPIO_Label
PA7.GPIO_Label=SPI_RAS_MOSI
PA7.Mode=Full_Duplex_Slave
PA7.Signal=SPI1_MOSI
PA8.GPIOParameters=GPIO_Label
PA8.GPIO_Label=MOTOR_STEERING
PA8.Signal=S_TIM1_CH1
PA9.GPIOParameters=GPIO_Label
PA9.GPIO_Label=MOTOR_CAM
PA9.Signal=S_TIM1_CH2
PB0.GPIOParameters=GPIO_Label
PB0.GPIO_Label=MOTOR_BLDC
PB0.Signal=S_TIM3_CH3
PB10.GPIOParameters=GPIO_Label
PB10.GPIO_Label=SPI_PS2_SCK
PB10.Mode=Full_Duplex_Slave
PB10.Signal=SPI2_SCK
PB12.GPIOParameters=GPIO_Label
PB12.GPIO_Label=ECHO_1
PB12.Locked=true
PB12.Signal=GPIO_Input
PB2.GPIOParameters=GPIO_Label
PB2.GPIO_Label=TRIG_1
PB2.Locked=true
PB2.Signal=GPIO_Output
PB4.GPIOParameters=GPIO_Label
PB4.GPIO_Label=SPI_PS2_CS
PB4.Locked=true
PB4.Signal=GPIO_Output
PB6.GPIOParameters=GPIO_Label
PB6.GPIO_Label=SPI_RAS_CS
PB6.Locked=true
PB6.Signal=GPIO_Input
PB8.Locked=true
PB8.Mode=I2C
PB8.Signal=I2C1_SCL
PB9.Locked=true
PB9.Mode=I2C
PB9.Signal=I2C1_SDA
PC0.GPIOParameters=GPIO_Label
PC0.GPIO_Label=LED_INIT_BLDC
PC0.Locked=true
PC0.Signal=GPIO_Output
PC1.GPIOParameters=GPIO_Label
PC1.GPIO_Label=INIT_BLDC
PC1.Locked=true
PC1.Signal=GPIO_Input
PC2.GPIOParameters=GPIO_Label
PC2.GPIO_Label=SPI_PS2_MISO
PC2.Mode=Full_Duplex_Slave
PC2.Signal=SPI2_MISO
PC3.GPIOParameters=GPIO_Label
PC3.GPIO_Label=SPI_PS2_MOSI
PC3.Mode=Full_Duplex_Slave
PC3.Signal=SPI2_MOSI
PC5.GPIOParameters=GPIO_Label
PC5.GPIO_Label=TRIG_3
PC5.Locked=true
PC5.Signal=GPIO_Output
PC6.GPIOParameters=GPIO_Label
PC6.GPIO_Label=ECHO_3
PC6.Locked=true
PC6.Signal=GPIO_Input
PC8.GPIOParameters=GPIO_Label
PC8.GPIO_Label=TRIG_4
PC8.Locked=true
PC8.Signal=GPIO_Output
PC9.GPIOParameters=GPIO_Label
PC9.GPIO_Label=ECHO_4
PC9.Locked=true
PC9.Signal=GPIO_Input
PH0\ -\ OSC_IN.Mode=HSE-External-Clock-Source
PH0\ -\ OSC_IN.Signal=RCC_OSC_IN
PH1\ -\ OSC_OUT.Mode=HSE-External-Clock-Source
PH1\ -\ OSC_OUT.Signal=RCC_OSC_OUT
PinOutPanel.RotationAngle=0
ProjectManager.AskForMigrate=true
ProjectManager.BackupPrevious=false
ProjectManager.CompilerOptimize=6
ProjectManager.ComputerToolchain=false
ProjectManager.CoupleFile=false
ProjectManager.CustomerFirmwarePackage=
ProjectManager.DefaultFWLocation=true
ProjectManager.DeletePrevious=true
ProjectManager.DeviceId=STM32F401RETx
ProjectManager.FirmwarePackage=STM32Cube FW_F4 V1.28.0
ProjectManager.FreePins=false
ProjectManager.HalAssertFull=false
ProjectManager.HeapSize=0x200
ProjectManager.KeepUserCode=true
ProjectManager.LastFirmware=true
ProjectManager.LibraryCopy=1
ProjectManager.MainLocation=Core/Src
ProjectManager.NoMain=false
ProjectManager.PreviousToolchain=
ProjectManager.ProjectBuild=false
ProjectManager.ProjectFileName=BFMC.ioc
ProjectManager.ProjectName=BFMC
ProjectManager.ProjectStructure=
ProjectManager.RegisterCallBack=
ProjectManager.StackSize=0x400
ProjectManager.TargetToolchain=STM32CubeIDE
ProjectManager.ToolChainLocation=
ProjectManager.UAScriptAfterPath=
ProjectManager.UAScriptBeforePath=
ProjectManager.UnderRoot=true
ProjectManager.functionlistsort=1-SystemClock_Config-RCC-false-HAL-false,2-MX_GPIO_Init-GPIO-false-HAL-true,3-MX_DMA_Init-DMA-false-HAL-true,4-MX_I2C1_Init-I2C1-false-HAL-true,5-MX_SPI1_Init-SPI1-false-HAL-true,6-MX_TIM1_Init-TIM1-false-HAL-true,7-MX_TIM3_Init-TIM3-false-HAL-true
RCC.48MHZClocksFreq_Value=35000000
RCC.AHBFreq_Value=70000000
RCC.APB1CLKDivider=RCC_HCLK_DIV2
RCC.APB1Freq_Value=35000000
RCC.APB1TimFreq_Value=70000000
RCC.APB2Freq_Value=70000000
RCC.APB2TimFreq_Value=70000000
RCC.CortexFreq_Value=70000000
RCC.FCLKCortexFreq_Value=70000000
RCC.HCLKFreq_Value=70000000
RCC.HSE_VALUE=25000000
RCC.HSI_VALUE=16000000
RCC.I2SClocksFreq_Value=192000000
RCC.IPParameters=48MHZClocksFreq_Value,AHBFreq_Value,APB1CLKDivider,APB1Freq_Value,APB1TimFreq_Value,APB2Freq_Value,APB2TimFreq_Value,CortexFreq_Value,FCLKCortexFreq_Value,HCLKFreq_Value,HSE_VALUE,HSI_VALUE,I2SClocksFreq_Value,LSE_VALUE,LSI_VALUE,MCO2PinFreq_Value,PLLCLKFreq_Value,PLLM,PLLN,PLLQCLKFreq_Value,RTCFreq_Value,RTCHSEDivFreq_Value,SYSCLKFreq_VALUE,SYSCLKSource,VCOI2SOutputFreq_Value,VCOInputFreq_Value,VCOOutputFreq_Value,VcooutputI2S
RCC.LSE_VALUE=32768
RCC.LSI_VALUE=32000
RCC.MCO2PinFreq_Value=70000000
RCC.PLLCLKFreq_Value=70000000
RCC.PLLM=8
RCC.PLLN=70
RCC.PLLQCLKFreq_Value=35000000
RCC.RTCFreq_Value=32000
RCC.RTCHSEDivFreq_Value=12500000
RCC.SYSCLKFreq_VALUE=70000000
RCC.SYSCLKSource=RCC_SYSCLKSOURCE_PLLCLK
RCC.VCOI2SOutputFreq_Value=384000000
RCC.VCOInputFreq_Value=2000000
RCC.VCOOutputFreq_Value=140000000
RCC.VcooutputI2S=192000000
SH.S_TIM1_CH1.0=TIM1_CH1,PWM Generation1 CH1
SH.S_TIM1_CH1.ConfNb=1
SH.S_TIM1_CH2.0=TIM1_CH2,PWM Generation2 CH2
SH.S_TIM1_CH2.ConfNb=1
SH.S_TIM3_CH3.0=TIM3_CH3,PWM Generation3 CH3
SH.S_TIM3_CH3.ConfNb=1
SPI1.Direction=SPI_DIRECTION_2LINES
SPI1.IPParameters=VirtualType,Mode,Direction
SPI1.Mode=SPI_MODE_SLAVE
SPI1.VirtualType=VM_SLAVE
SPI2.Direction=SPI_DIRECTION_2LINES
SPI2.IPParameters=VirtualType,Mode,Direction
SPI2.Mode=SPI_MODE_SLAVE
SPI2.VirtualType=VM_SLAVE
TIM1.Channel-PWM\ Generation1\ CH1=TIM_CHANNEL_1
TIM1.Channel-PWM\ Generation2\ CH2=TIM_CHANNEL_2
TIM1.IPParameters=Channel-PWM Generation1 CH1,Prescaler,Period,Channel-PWM Generation2 CH2
TIM1.Period=1000-1
TIM1.Prescaler=1400-1
TIM3.Channel-PWM\ Generation3\ CH3=TIM_CHANNEL_3
TIM3.IPParameters=Prescaler,Period,Channel-PWM Generation3 CH3
TIM3.Period=1000-1
TIM3.Prescaler=1400-1
TIM4.IPParameters=Prescaler
TIM4.Prescaler=70-1
VP_FREERTOS_VS_CMSIS_V1.Mode=CMSIS_V1
VP_FREERTOS_VS_CMSIS_V1.Signal=FREERTOS_VS_CMSIS_V1
VP_SYS_VS_tim2.Mode=TIM2
VP_SYS_VS_tim2.Signal=SYS_VS_tim2
VP_TIM3_VS_ClockSourceINT.Mode=Internal
VP_TIM3_VS_ClockSourceINT.Signal=TIM3_VS_ClockSourceINT
VP_TIM4_VS_ClockSourceINT.Mode=Internal
VP_TIM4_VS_ClockSourceINT.Signal=TIM4_VS_ClockSourceINT
board=custom
rtos.0.ip=FREERTOS
isbadioc=false
